
Microsoft Visual Studio Solution File, Format Version 12.00
# Visual Studio 15
Project("{FAE04EC0-301F-11D3-BF4B-00C04F79EFBC}") = "Assembly-CSharp", "Assembly-CSharp.csproj", "{20FA7901-6CF8-808E-47A1-F1E175CDA844}"
EndProject
Project("{FAE04EC0-301F-11D3-BF4B-00C04F79EFBC}") = "Assembly-CSharp-firstpass", "Assembly-CSharp-firstpass.csproj", "{BAE4BF40-9E12-8704-E9B3-C30C19739C25}"
EndProject
Global
	GlobalSection(SolutionConfigurationPlatforms) = preSolution
		Debug|Any CPU = Debug|Any CPU
		Release|Any CPU = Release|Any CPU
	EndGlobalSection
	GlobalSection(ProjectConfigurationPlatforms) = postSolution
		{20FA7901-6CF8-808E-47A1-F1E175CDA844}.Debug|Any CPU.ActiveCfg = Debug|Any CPU
		{20FA7901-6CF8-808E-47A1-F1E175CDA844}.Debug|Any CPU.Build.0 = Debug|Any CPU
		{20FA7901-6CF8-808E-47A1-F1E175CDA844}.Release|Any CPU.ActiveCfg = Release|Any CPU
		{20FA7901-6CF8-808E-47A1-F1E175CDA844}.Release|Any CPU.Build.0 = Release|Any CPU
		{BAE4BF40-9E12-8704-E9B3-C30C19739C25}.Debug|Any CPU.ActiveCfg = Debug|Any CPU
		{BAE4BF40-9E12-8704-E9B3-C30C19739C25}.Debug|Any CPU.Build.0 = Debug|Any CPU
		{BAE4BF40-9E12-8704-E9B3-C30C19739C25}.Release|Any CPU.ActiveCfg = Release|Any CPU
		{BAE4BF40-9E12-8704-E9B3-C30C19739C25}.Release|Any CPU.Build.0 = Release|Any CPU
	EndGlobalSection
	GlobalSection(SolutionProperties) = preSolution
		HideSolutionNode = FALSE
	EndGlobalSection
EndGlobal
